
Microsoft Visual Studio Solution File, Format Version 12.00
# Visual Studio 15
VisualStudioVersion = 15.0.26430.12
MinimumVisualStudioVersion = 10.0.40219.1
Project("{FAE04EC0-301F-11D3-BF4B-00C04F79EFBC}") = "LevelDB", "LevelDB\LevelDB.csproj", "{723750B5-5117-4F85-B8FB-46B3B23BAD7D}"
EndProject
Project("{FAE04EC0-301F-11D3-BF4B-00C04F79EFBC}") = "LevelDB-API", "LevelDB-API\LevelDB-API.csproj", "{ADF065EA-CBBC-4703-A19D-34D4C1354773}"
EndProject
Project("{FAE04EC0-301F-11D3-BF4B-00C04F79EFBC}") = "LevelDB-Test", "LevelDB-Test\LevelDB-Test.csproj", "{A735181C-6CED-4046-A59B-FCEA0359B545}"
EndProject
Project("{9A19103F-16F7-4668-BE54-9A1E7A4F7556}") = "LevelDB-Zlib", "LevelDB-Zlib\LevelDB-Zlib.csproj", "{D8F775DB-E79F-484A-9B32-C8B8A2EC3757}"
EndProject
Project("{9A19103F-16F7-4668-BE54-9A1E7A4F7556}") = "LRUCache", "Common\LRUCache\LRUCache.csproj", "{C8BA4354-A47A-4CA4-A395-DC8188159F1D}"
EndProject
Global
	GlobalSection(SolutionConfigurationPlatforms) = preSolution
		Debug|Any CPU = Debug|Any CPU
		Release|Any CPU = Release|Any CPU
	EndGlobalSection
	GlobalSection(ProjectConfigurationPlatforms) = postSolution
		{723750B5-5117-4F85-B8FB-46B3B23BAD7D}.Debug|Any CPU.ActiveCfg = Debug|Any CPU
		{723750B5-5117-4F85-B8FB-46B3B23BAD7D}.Debug|Any CPU.Build.0 = Debug|Any CPU
		{723750B5-5117-4F85-B8FB-46B3B23BAD7D}.Release|Any CPU.ActiveCfg = Release|Any CPU
		{723750B5-5117-4F85-B8FB-46B3B23BAD7D}.Release|Any CPU.Build.0 = Release|Any CPU
		{ADF065EA-CBBC-4703-A19D-34D4C1354773}.Debug|Any CPU.ActiveCfg = Debug|Any CPU
		{ADF065EA-CBBC-4703-A19D-34D4C1354773}.Debug|Any CPU.Build.0 = Debug|Any CPU
		{ADF065EA-CBBC-4703-A19D-34D4C1354773}.Release|Any CPU.ActiveCfg = Release|Any CPU
		{ADF065EA-CBBC-4703-A19D-34D4C1354773}.Release|Any CPU.Build.0 = Release|Any CPU
		{A735181C-6CED-4046-A59B-FCEA0359B545}.Debug|Any CPU.ActiveCfg = Debug|Any CPU
		{A735181C-6CED-4046-A59B-FCEA0359B545}.Debug|Any CPU.Build.0 = Debug|Any CPU
		{A735181C-6CED-4046-A59B-FCEA0359B545}.Release|Any CPU.ActiveCfg = Release|Any CPU
		{A735181C-6CED-4046-A59B-FCEA0359B545}.Release|Any CPU.Build.0 = Release|Any CPU
		{D8F775DB-E79F-484A-9B32-C8B8A2EC3757}.Debug|Any CPU.ActiveCfg = Debug|Any CPU
		{D8F775DB-E79F-484A-9B32-C8B8A2EC3757}.Debug|Any CPU.Build.0 = Debug|Any CPU
		{D8F775DB-E79F-484A-9B32-C8B8A2EC3757}.Release|Any CPU.ActiveCfg = Release|Any CPU
		{D8F775DB-E79F-484A-9B32-C8B8A2EC3757}.Release|Any CPU.Build.0 = Release|Any CPU
		{C8BA4354-A47A-4CA4-A395-DC8188159F1D}.Debug|Any CPU.ActiveCfg = Debug|Any CPU
		{C8BA4354-A47A-4CA4-A395-DC8188159F1D}.Debug|Any CPU.Build.0 = Debug|Any CPU
		{C8BA4354-A47A-4CA4-A395-DC8188159F1D}.Release|Any CPU.ActiveCfg = Release|Any CPU
		{C8BA4354-A47A-4CA4-A395-DC8188159F1D}.Release|Any CPU.Build.0 = Release|Any CPU
	EndGlobalSection
	GlobalSection(SolutionProperties) = preSolution
		HideSolutionNode = FALSE
	EndGlobalSection
EndGlobal
