
Microsoft Visual Studio Solution File, Format Version 12.00
# Visual Studio 15
VisualStudioVersion = 15.0.26403.7
MinimumVisualStudioVersion = 10.0.40219.1
Project("{FAE04EC0-301F-11D3-BF4B-00C04F79EFBC}") = "LevelDB", "LevelDB\LevelDB.csproj", "{723750B5-5117-4F85-B8FB-46B3B23BAD7D}"
EndProject
Project("{FAE04EC0-301F-11D3-BF4B-00C04F79EFBC}") = "LevelDB-API", "LevelDB-API\LevelDB-API.csproj", "{ADF065EA-CBBC-4703-A19D-34D4C1354773}"
EndProject
Project("{FAE04EC0-301F-11D3-BF4B-00C04F79EFBC}") = "Snappy.Sharp", "Common\Snappy.Sharp\Snappy.Sharp.csproj", "{693A9332-E1AA-4973-AFE2-D544AF91BDB5}"
EndProject
Project("{FAE04EC0-301F-11D3-BF4B-00C04F79EFBC}") = "Crc32C.Sharp", "Common\Crc32C.Sharp\Crc32C.Sharp.csproj", "{0E2D977A-597C-461B-A0D0-269323380A00}"
EndProject
Project("{FAE04EC0-301F-11D3-BF4B-00C04F79EFBC}") = "LevelDB-Test", "LevelDB-Test\LevelDB-Test.csproj", "{A735181C-6CED-4046-A59B-FCEA0359B545}"
EndProject
Project("{FAE04EC0-301F-11D3-BF4B-00C04F79EFBC}") = "Crc32C.Sharp.Test", "Common\Crc32C.Sharp.Test\Crc32C.Sharp.Test.csproj", "{55F6AC0A-2DE7-4ADA-BBE2-471BD948CCA6}"
EndProject
Project("{FAE04EC0-301F-11D3-BF4B-00C04F79EFBC}") = "Snappy.Sharp.Test", "Common\Snappy.Sharp.Test\Snappy.Sharp.Test.csproj", "{C3C15326-E12A-4F49-8D08-29DE9853EE6F}"
EndProject
Global
	GlobalSection(SolutionConfigurationPlatforms) = preSolution
		Debug|Any CPU = Debug|Any CPU
		Release|Any CPU = Release|Any CPU
	EndGlobalSection
	GlobalSection(ProjectConfigurationPlatforms) = postSolution
		{723750B5-5117-4F85-B8FB-46B3B23BAD7D}.Debug|Any CPU.ActiveCfg = Debug|Any CPU
		{723750B5-5117-4F85-B8FB-46B3B23BAD7D}.Debug|Any CPU.Build.0 = Debug|Any CPU
		{723750B5-5117-4F85-B8FB-46B3B23BAD7D}.Release|Any CPU.ActiveCfg = Release|Any CPU
		{723750B5-5117-4F85-B8FB-46B3B23BAD7D}.Release|Any CPU.Build.0 = Release|Any CPU
		{ADF065EA-CBBC-4703-A19D-34D4C1354773}.Debug|Any CPU.ActiveCfg = Debug|Any CPU
		{ADF065EA-CBBC-4703-A19D-34D4C1354773}.Debug|Any CPU.Build.0 = Debug|Any CPU
		{ADF065EA-CBBC-4703-A19D-34D4C1354773}.Release|Any CPU.ActiveCfg = Release|Any CPU
		{ADF065EA-CBBC-4703-A19D-34D4C1354773}.Release|Any CPU.Build.0 = Release|Any CPU
		{693A9332-E1AA-4973-AFE2-D544AF91BDB5}.Debug|Any CPU.ActiveCfg = Debug|Any CPU
		{693A9332-E1AA-4973-AFE2-D544AF91BDB5}.Debug|Any CPU.Build.0 = Debug|Any CPU
		{693A9332-E1AA-4973-AFE2-D544AF91BDB5}.Release|Any CPU.ActiveCfg = Release|Any CPU
		{693A9332-E1AA-4973-AFE2-D544AF91BDB5}.Release|Any CPU.Build.0 = Release|Any CPU
		{0E2D977A-597C-461B-A0D0-269323380A00}.Debug|Any CPU.ActiveCfg = Debug|Any CPU
		{0E2D977A-597C-461B-A0D0-269323380A00}.Debug|Any CPU.Build.0 = Debug|Any CPU
		{0E2D977A-597C-461B-A0D0-269323380A00}.Release|Any CPU.ActiveCfg = Release|Any CPU
		{0E2D977A-597C-461B-A0D0-269323380A00}.Release|Any CPU.Build.0 = Release|Any CPU
		{A735181C-6CED-4046-A59B-FCEA0359B545}.Debug|Any CPU.ActiveCfg = Debug|Any CPU
		{A735181C-6CED-4046-A59B-FCEA0359B545}.Debug|Any CPU.Build.0 = Debug|Any CPU
		{A735181C-6CED-4046-A59B-FCEA0359B545}.Release|Any CPU.ActiveCfg = Release|Any CPU
		{A735181C-6CED-4046-A59B-FCEA0359B545}.Release|Any CPU.Build.0 = Release|Any CPU
		{55F6AC0A-2DE7-4ADA-BBE2-471BD948CCA6}.Debug|Any CPU.ActiveCfg = Debug|Any CPU
		{55F6AC0A-2DE7-4ADA-BBE2-471BD948CCA6}.Debug|Any CPU.Build.0 = Debug|Any CPU
		{55F6AC0A-2DE7-4ADA-BBE2-471BD948CCA6}.Release|Any CPU.ActiveCfg = Release|Any CPU
		{55F6AC0A-2DE7-4ADA-BBE2-471BD948CCA6}.Release|Any CPU.Build.0 = Release|Any CPU
		{C3C15326-E12A-4F49-8D08-29DE9853EE6F}.Debug|Any CPU.ActiveCfg = Debug|Any CPU
		{C3C15326-E12A-4F49-8D08-29DE9853EE6F}.Debug|Any CPU.Build.0 = Debug|Any CPU
		{C3C15326-E12A-4F49-8D08-29DE9853EE6F}.Release|Any CPU.ActiveCfg = Release|Any CPU
		{C3C15326-E12A-4F49-8D08-29DE9853EE6F}.Release|Any CPU.Build.0 = Release|Any CPU
	EndGlobalSection
	GlobalSection(SolutionProperties) = preSolution
		HideSolutionNode = FALSE
	EndGlobalSection
EndGlobal
