
Microsoft Visual Studio Solution File, Format Version 12.00
# Visual Studio 15
VisualStudioVersion = 15.0.26403.7
MinimumVisualStudioVersion = 10.0.40219.1
Project("{FAE04EC0-301F-11D3-BF4B-00C04F79EFBC}") = "LevelDB", "LevelDB\LevelDB.csproj", "{723750B5-5117-4F85-B8FB-46B3B23BAD7D}"
EndProject
Project("{FAE04EC0-301F-11D3-BF4B-00C04F79EFBC}") = "LevelDB-API", "LevelDB-API\LevelDB-API.csproj", "{ADF065EA-CBBC-4703-A19D-34D4C1354773}"
EndProject
Global
	GlobalSection(SolutionConfigurationPlatforms) = preSolution
		Debug|Any CPU = Debug|Any CPU
		Release|Any CPU = Release|Any CPU
	EndGlobalSection
	GlobalSection(ProjectConfigurationPlatforms) = postSolution
		{723750B5-5117-4F85-B8FB-46B3B23BAD7D}.Debug|Any CPU.ActiveCfg = Debug|Any CPU
		{723750B5-5117-4F85-B8FB-46B3B23BAD7D}.Debug|Any CPU.Build.0 = Debug|Any CPU
		{723750B5-5117-4F85-B8FB-46B3B23BAD7D}.Release|Any CPU.ActiveCfg = Release|Any CPU
		{723750B5-5117-4F85-B8FB-46B3B23BAD7D}.Release|Any CPU.Build.0 = Release|Any CPU
		{ADF065EA-CBBC-4703-A19D-34D4C1354773}.Debug|Any CPU.ActiveCfg = Debug|Any CPU
		{ADF065EA-CBBC-4703-A19D-34D4C1354773}.Debug|Any CPU.Build.0 = Debug|Any CPU
		{ADF065EA-CBBC-4703-A19D-34D4C1354773}.Release|Any CPU.ActiveCfg = Release|Any CPU
		{ADF065EA-CBBC-4703-A19D-34D4C1354773}.Release|Any CPU.Build.0 = Release|Any CPU
	EndGlobalSection
	GlobalSection(SolutionProperties) = preSolution
		HideSolutionNode = FALSE
	EndGlobalSection
EndGlobal
